
Microsoft Visual Studio Solution File, Format Version 12.00
# Visual Studio Version 16
VisualStudioVersion = 16.0.32802.440
MinimumVisualStudioVersion = 10.0.40219.1
Project("{FAE04EC0-301F-11D3-BF4B-00C04F79EFBC}") = "legitarsasagok", "legitarsasagok\legitarsasagok.csproj", "{CC14B6C3-8C8F-44E1-B29C-A5CC710B70DE}"
EndProject
Global
	GlobalSection(SolutionConfigurationPlatforms) = preSolution
		Debug|Any CPU = Debug|Any CPU
		Release|Any CPU = Release|Any CPU
	EndGlobalSection
	GlobalSection(ProjectConfigurationPlatforms) = postSolution
		{CC14B6C3-8C8F-44E1-B29C-A5CC710B70DE}.Debug|Any CPU.ActiveCfg = Debug|Any CPU
		{CC14B6C3-8C8F-44E1-B29C-A5CC710B70DE}.Debug|Any CPU.Build.0 = Debug|Any CPU
		{CC14B6C3-8C8F-44E1-B29C-A5CC710B70DE}.Release|Any CPU.ActiveCfg = Release|Any CPU
		{CC14B6C3-8C8F-44E1-B29C-A5CC710B70DE}.Release|Any CPU.Build.0 = Release|Any CPU
	EndGlobalSection
	GlobalSection(SolutionProperties) = preSolution
		HideSolutionNode = FALSE
	EndGlobalSection
	GlobalSection(ExtensibilityGlobals) = postSolution
		SolutionGuid = {D06870B6-0FC2-4ED9-87A6-B181009BE50F}
	EndGlobalSection
EndGlobal
